// !$*UTF8*$!
{
	archiveVersion = 1;
	classes = {
	};
	objectVersion = 56;
	objects = {

/* Begin PBXBuildFile section */
		3E0C152A2A1BEBC300BB5B26 /* CreateListingViewModel.swift in Sources */ = {isa = PBXBuildFile; fileRef = 3E0C15292A1BEBC300BB5B26 /* CreateListingViewModel.swift */; };
		3E0EA3C02A2A21FD00F4BC89 /* FirebaseStorage in Frameworks */ = {isa = PBXBuildFile; productRef = 3E0EA3BF2A2A21FD00F4BC89 /* FirebaseStorage */; };
		3E0EA3C22A2A22F100F4BC89 /* StorageManager.swift in Sources */ = {isa = PBXBuildFile; fileRef = 3E0EA3C12A2A22F100F4BC89 /* StorageManager.swift */; };
		3E11FB592A2B897900EB47D2 /* DefaultImageField.swift in Sources */ = {isa = PBXBuildFile; fileRef = 3E11FB582A2B897900EB47D2 /* DefaultImageField.swift */; };
		3E18C5692A0FF7B10046509E /* SignInWithAppleViewRepresentable.swift in Sources */ = {isa = PBXBuildFile; fileRef = 3E18C5682A0FF7B10046509E /* SignInWithAppleViewRepresentable.swift */; };
		3E18C56B2A0FFC470046509E /* SignInWithAppleView.swift in Sources */ = {isa = PBXBuildFile; fileRef = 3E18C56A2A0FFC470046509E /* SignInWithAppleView.swift */; };
		3E18C56E2A1004CB0046509E /* SignInWithAppleHelper.swift in Sources */ = {isa = PBXBuildFile; fileRef = 3E18C56D2A1004CB0046509E /* SignInWithAppleHelper.swift */; };
		3E18C5702A1019EC0046509E /* SignInWithAppleViewModel.swift in Sources */ = {isa = PBXBuildFile; fileRef = 3E18C56F2A1019EC0046509E /* SignInWithAppleViewModel.swift */; };
		3E1E2C4629D98380004D171E /* Launch Screen.storyboard in Resources */ = {isa = PBXBuildFile; fileRef = 3E1E2C4529D98380004D171E /* Launch Screen.storyboard */; };
		3E20CA3B2A28E1E300EF8307 /* ListingModels.swift in Sources */ = {isa = PBXBuildFile; fileRef = 3E20CA3A2A28E1E300EF8307 /* ListingModels.swift */; };
		3E20CA3F2A2904CA00EF8307 /* ListingManager.swift in Sources */ = {isa = PBXBuildFile; fileRef = 3E20CA3E2A2904CA00EF8307 /* ListingManager.swift */; };
		3E467B1129FAF1E600568544 /* ProgressWidget.swift in Sources */ = {isa = PBXBuildFile; fileRef = 3E467B1029FAF1E600568544 /* ProgressWidget.swift */; };
		3E467B1329FB079900568544 /* CreateListingView.swift in Sources */ = {isa = PBXBuildFile; fileRef = 3E467B1229FB079900568544 /* CreateListingView.swift */; };
		3E467B1529FC2BE100568544 /* FormStepper.swift in Sources */ = {isa = PBXBuildFile; fileRef = 3E467B1429FC2BE100568544 /* FormStepper.swift */; };
		3E467B1729FD593D00568544 /* ProfileView.swift in Sources */ = {isa = PBXBuildFile; fileRef = 3E467B1629FD593D00568544 /* ProfileView.swift */; };
		3E4C62FB2A34E9DC00F138C9 /* PermissionsHelper.swift in Sources */ = {isa = PBXBuildFile; fileRef = 3E4C62FA2A34E9DC00F138C9 /* PermissionsHelper.swift */; };
		3E50F5EF2A05985B009E7C1E /* GoogleService-Info.plist in Resources */ = {isa = PBXBuildFile; fileRef = 3E50F5EE2A05985B009E7C1E /* GoogleService-Info.plist */; };
		3E50F5F22A0599A3009E7C1E /* FirebaseAnalytics in Frameworks */ = {isa = PBXBuildFile; productRef = 3E50F5F12A0599A3009E7C1E /* FirebaseAnalytics */; };
		3E50F5F42A0599A3009E7C1E /* FirebaseAnalyticsSwift in Frameworks */ = {isa = PBXBuildFile; productRef = 3E50F5F32A0599A3009E7C1E /* FirebaseAnalyticsSwift */; };
		3E50F5F62A0599D2009E7C1E /* AppDelegate.swift in Sources */ = {isa = PBXBuildFile; fileRef = 3E50F5F52A0599D2009E7C1E /* AppDelegate.swift */; };
		3E50F5FC2A065217009E7C1E /* FirebaseAuth in Frameworks */ = {isa = PBXBuildFile; productRef = 3E50F5FB2A065217009E7C1E /* FirebaseAuth */; };
		3E50F5FE2A06528F009E7C1E /* AuthenticationMainView.swift in Sources */ = {isa = PBXBuildFile; fileRef = 3E50F5FD2A06528F009E7C1E /* AuthenticationMainView.swift */; };
		3E50F6012A066C44009E7C1E /* SignInWithEmailView.swift in Sources */ = {isa = PBXBuildFile; fileRef = 3E50F6002A066C44009E7C1E /* SignInWithEmailView.swift */; };
		3E50F6032A066C52009E7C1E /* SignInWithEmailViewModel.swift in Sources */ = {isa = PBXBuildFile; fileRef = 3E50F6022A066C52009E7C1E /* SignInWithEmailViewModel.swift */; };
		3E50F6052A06958F009E7C1E /* AuthenticationManager.swift in Sources */ = {isa = PBXBuildFile; fileRef = 3E50F6042A06958F009E7C1E /* AuthenticationManager.swift */; };
		3E5C87232A33A4C00026D440 /* DefaultLargeTextField.swift in Sources */ = {isa = PBXBuildFile; fileRef = 3E5C87222A33A4C00026D440 /* DefaultLargeTextField.swift */; };
		3E80EB122A0EC416001B0420 /* FirebaseAnalytics in Frameworks */ = {isa = PBXBuildFile; productRef = 3E80EB112A0EC416001B0420 /* FirebaseAnalytics */; };
		3E80EB142A0EC41A001B0420 /* FirebaseAnalyticsSwift in Frameworks */ = {isa = PBXBuildFile; productRef = 3E80EB132A0EC41A001B0420 /* FirebaseAnalyticsSwift */; };
		3E80EB162A0EC41D001B0420 /* FirebaseAuth in Frameworks */ = {isa = PBXBuildFile; productRef = 3E80EB152A0EC41D001B0420 /* FirebaseAuth */; };
		3E80EB1A2A0EC4CD001B0420 /* Functionalities_Tests.swift in Sources */ = {isa = PBXBuildFile; fileRef = 3E80EB192A0EC4CD001B0420 /* Functionalities_Tests.swift */; };
		3E80EB1C2A0ECE7C001B0420 /* SignUpWithEmailViewModel_Tests.swift in Sources */ = {isa = PBXBuildFile; fileRef = 3E80EB1B2A0ECE7C001B0420 /* SignUpWithEmailViewModel_Tests.swift */; };
		3E9660DB2A2A60410070D23A /* DefaultTextField.swift in Sources */ = {isa = PBXBuildFile; fileRef = 3E9660DA2A2A60410070D23A /* DefaultTextField.swift */; };
		3E9660DD2A2A64DD0070D23A /* DefaultNumberField.swift in Sources */ = {isa = PBXBuildFile; fileRef = 3E9660DC2A2A64DD0070D23A /* DefaultNumberField.swift */; };
		3E9660E12A2B80880070D23A /* DefaultDateField.swift in Sources */ = {isa = PBXBuildFile; fileRef = 3E9660E02A2B80880070D23A /* DefaultDateField.swift */; };
		3EB03DCC29D85EC00076DBDB /* Extentions.swift in Sources */ = {isa = PBXBuildFile; fileRef = 3EB03DCB29D85EC00076DBDB /* Extentions.swift */; };
		3EB03DCE29D86D040076DBDB /* Enums.swift in Sources */ = {isa = PBXBuildFile; fileRef = 3EB03DCD29D86D040076DBDB /* Enums.swift */; };
		3EB03DD129D89D9B0076DBDB /* SearchResultView.swift in Sources */ = {isa = PBXBuildFile; fileRef = 3EB03DD029D89D9B0076DBDB /* SearchResultView.swift */; };
		3EB03DD629D953450076DBDB /* ProductListingView.swift in Sources */ = {isa = PBXBuildFile; fileRef = 3EB03DD529D953450076DBDB /* ProductListingView.swift */; };
		3EC5F9DF2A1156F100D5CEE1 /* FirebaseFirestore in Frameworks */ = {isa = PBXBuildFile; productRef = 3EC5F9DE2A1156F100D5CEE1 /* FirebaseFirestore */; };
		3EC5F9E12A1156F100D5CEE1 /* FirebaseFirestoreSwift in Frameworks */ = {isa = PBXBuildFile; productRef = 3EC5F9E02A1156F100D5CEE1 /* FirebaseFirestoreSwift */; };
		3EC5F9E32A115BC200D5CEE1 /* UserManager.swift in Sources */ = {isa = PBXBuildFile; fileRef = 3EC5F9E22A115BC200D5CEE1 /* UserManager.swift */; };
		3EC5F9E52A11728200D5CEE1 /* UserModels.swift in Sources */ = {isa = PBXBuildFile; fileRef = 3EC5F9E42A11728200D5CEE1 /* UserModels.swift */; };
		3EC5F9E72A1182CD00D5CEE1 /* CompleteProfileView.swift in Sources */ = {isa = PBXBuildFile; fileRef = 3EC5F9E62A1182CD00D5CEE1 /* CompleteProfileView.swift */; };
		3EC5F9E92A11832F00D5CEE1 /* CompleteProfileViewModel.swift in Sources */ = {isa = PBXBuildFile; fileRef = 3EC5F9E82A11832F00D5CEE1 /* CompleteProfileViewModel.swift */; };
		3EDBEF9F2A09563B005CA7EC /* StarRating.swift in Sources */ = {isa = PBXBuildFile; fileRef = 3EDBEF9E2A09563B005CA7EC /* StarRating.swift */; };
		3EDBEFA12A095F60005CA7EC /* ProfileViewModel.swift in Sources */ = {isa = PBXBuildFile; fileRef = 3EDBEFA02A095F60005CA7EC /* ProfileViewModel.swift */; };
		3EE1824E2A0B929F00A03907 /* AuthenticationModels.swift in Sources */ = {isa = PBXBuildFile; fileRef = 3EE1824D2A0B929F00A03907 /* AuthenticationModels.swift */; };
		3EE182502A0BAB5200A03907 /* Functionalities.swift in Sources */ = {isa = PBXBuildFile; fileRef = 3EE1824F2A0BAB5200A03907 /* Functionalities.swift */; };
		3EE182702A0BB2C200A03907 /* ResetPasswordView.swift in Sources */ = {isa = PBXBuildFile; fileRef = 3EE1826F2A0BB2C200A03907 /* ResetPasswordView.swift */; };
		3EE182722A0BB2D300A03907 /* ResetPasswordViewModel.swift in Sources */ = {isa = PBXBuildFile; fileRef = 3EE182712A0BB2D300A03907 /* ResetPasswordViewModel.swift */; };
		3EE182752A0D7D8F00A03907 /* SignUpWithEmailView.swift in Sources */ = {isa = PBXBuildFile; fileRef = 3EE182742A0D7D8F00A03907 /* SignUpWithEmailView.swift */; };
		3EE182772A0D7D9900A03907 /* SignUpWithEmailViewModel.swift in Sources */ = {isa = PBXBuildFile; fileRef = 3EE182762A0D7D9900A03907 /* SignUpWithEmailViewModel.swift */; };
		3EEC83D429D7096E003320E5 /* LoopableApp.swift in Sources */ = {isa = PBXBuildFile; fileRef = 3EEC83D329D7096E003320E5 /* LoopableApp.swift */; };
		3EEC83D629D7096E003320E5 /* RootView.swift in Sources */ = {isa = PBXBuildFile; fileRef = 3EEC83D529D7096E003320E5 /* RootView.swift */; };
		3EEC83D829D7096E003320E5 /* Assets.xcassets in Resources */ = {isa = PBXBuildFile; fileRef = 3EEC83D729D7096E003320E5 /* Assets.xcassets */; };
		3EEC83DB29D7096E003320E5 /* Preview Assets.xcassets in Resources */ = {isa = PBXBuildFile; fileRef = 3EEC83DA29D7096E003320E5 /* Preview Assets.xcassets */; };
		3EEC83E929D70DC6003320E5 /* HomepageView.swift in Sources */ = {isa = PBXBuildFile; fileRef = 3EEC83E829D70DC6003320E5 /* HomepageView.swift */; };
		3EEC83EC29D70E83003320E5 /* Localizable.strings in Resources */ = {isa = PBXBuildFile; fileRef = 3EEC83EE29D70E83003320E5 /* Localizable.strings */; };
/* End PBXBuildFile section */

/* Begin PBXContainerItemProxy section */
		3E80EB0C2A0EC3B2001B0420 /* PBXContainerItemProxy */ = {
			isa = PBXContainerItemProxy;
			containerPortal = 3EEC83C829D7096D003320E5 /* Project object */;
			proxyType = 1;
			remoteGlobalIDString = 3EEC83CF29D7096E003320E5;
			remoteInfo = Loopable;
		};
/* End PBXContainerItemProxy section */

/* Begin PBXFileReference section */
		3E0C15292A1BEBC300BB5B26 /* CreateListingViewModel.swift */ = {isa = PBXFileReference; lastKnownFileType = sourcecode.swift; path = CreateListingViewModel.swift; sourceTree = "<group>"; };
		3E0EA3C12A2A22F100F4BC89 /* StorageManager.swift */ = {isa = PBXFileReference; lastKnownFileType = sourcecode.swift; path = StorageManager.swift; sourceTree = "<group>"; };
		3E11FB582A2B897900EB47D2 /* DefaultImageField.swift */ = {isa = PBXFileReference; lastKnownFileType = sourcecode.swift; path = DefaultImageField.swift; sourceTree = "<group>"; };
		3E18C5642A0FF51A0046509E /* Loopable.entitlements */ = {isa = PBXFileReference; lastKnownFileType = text.plist.entitlements; path = Loopable.entitlements; sourceTree = "<group>"; };
		3E18C5682A0FF7B10046509E /* SignInWithAppleViewRepresentable.swift */ = {isa = PBXFileReference; lastKnownFileType = sourcecode.swift; path = SignInWithAppleViewRepresentable.swift; sourceTree = "<group>"; };
		3E18C56A2A0FFC470046509E /* SignInWithAppleView.swift */ = {isa = PBXFileReference; lastKnownFileType = sourcecode.swift; path = SignInWithAppleView.swift; sourceTree = "<group>"; };
		3E18C56D2A1004CB0046509E /* SignInWithAppleHelper.swift */ = {isa = PBXFileReference; lastKnownFileType = sourcecode.swift; path = SignInWithAppleHelper.swift; sourceTree = "<group>"; };
		3E18C56F2A1019EC0046509E /* SignInWithAppleViewModel.swift */ = {isa = PBXFileReference; lastKnownFileType = sourcecode.swift; path = SignInWithAppleViewModel.swift; sourceTree = "<group>"; };
		3E1E2C4529D98380004D171E /* Launch Screen.storyboard */ = {isa = PBXFileReference; lastKnownFileType = file.storyboard; path = "Launch Screen.storyboard"; sourceTree = "<group>"; };
		3E20CA3A2A28E1E300EF8307 /* ListingModels.swift */ = {isa = PBXFileReference; lastKnownFileType = sourcecode.swift; path = ListingModels.swift; sourceTree = "<group>"; };
		3E20CA3E2A2904CA00EF8307 /* ListingManager.swift */ = {isa = PBXFileReference; lastKnownFileType = sourcecode.swift; path = ListingManager.swift; sourceTree = "<group>"; };
		3E467B1029FAF1E600568544 /* ProgressWidget.swift */ = {isa = PBXFileReference; lastKnownFileType = sourcecode.swift; path = ProgressWidget.swift; sourceTree = "<group>"; };
		3E467B1229FB079900568544 /* CreateListingView.swift */ = {isa = PBXFileReference; lastKnownFileType = sourcecode.swift; path = CreateListingView.swift; sourceTree = "<group>"; };
		3E467B1429FC2BE100568544 /* FormStepper.swift */ = {isa = PBXFileReference; lastKnownFileType = sourcecode.swift; path = FormStepper.swift; sourceTree = "<group>"; };
		3E467B1629FD593D00568544 /* ProfileView.swift */ = {isa = PBXFileReference; lastKnownFileType = sourcecode.swift; path = ProfileView.swift; sourceTree = "<group>"; };
		3E4C62F92A34E7E700F138C9 /* Info.plist */ = {isa = PBXFileReference; lastKnownFileType = text.plist; path = Info.plist; sourceTree = "<group>"; };
		3E4C62FA2A34E9DC00F138C9 /* PermissionsHelper.swift */ = {isa = PBXFileReference; lastKnownFileType = sourcecode.swift; path = PermissionsHelper.swift; sourceTree = "<group>"; };
		3E50F5EE2A05985B009E7C1E /* GoogleService-Info.plist */ = {isa = PBXFileReference; fileEncoding = 4; lastKnownFileType = text.plist.xml; name = "GoogleService-Info.plist"; path = "../../../../Downloads/GoogleService-Info.plist"; sourceTree = "<group>"; };
		3E50F5F52A0599D2009E7C1E /* AppDelegate.swift */ = {isa = PBXFileReference; lastKnownFileType = sourcecode.swift; path = AppDelegate.swift; sourceTree = "<group>"; };
		3E50F5FD2A06528F009E7C1E /* AuthenticationMainView.swift */ = {isa = PBXFileReference; lastKnownFileType = sourcecode.swift; path = AuthenticationMainView.swift; sourceTree = "<group>"; };
		3E50F6002A066C44009E7C1E /* SignInWithEmailView.swift */ = {isa = PBXFileReference; lastKnownFileType = sourcecode.swift; path = SignInWithEmailView.swift; sourceTree = "<group>"; };
		3E50F6022A066C52009E7C1E /* SignInWithEmailViewModel.swift */ = {isa = PBXFileReference; lastKnownFileType = sourcecode.swift; path = SignInWithEmailViewModel.swift; sourceTree = "<group>"; };
		3E50F6042A06958F009E7C1E /* AuthenticationManager.swift */ = {isa = PBXFileReference; lastKnownFileType = sourcecode.swift; path = AuthenticationManager.swift; sourceTree = "<group>"; };
		3E5C87222A33A4C00026D440 /* DefaultLargeTextField.swift */ = {isa = PBXFileReference; lastKnownFileType = sourcecode.swift; path = DefaultLargeTextField.swift; sourceTree = "<group>"; };
		3E80EB082A0EC3B2001B0420 /* Loopable_Tests.xctest */ = {isa = PBXFileReference; explicitFileType = wrapper.cfbundle; includeInIndex = 0; path = Loopable_Tests.xctest; sourceTree = BUILT_PRODUCTS_DIR; };
		3E80EB192A0EC4CD001B0420 /* Functionalities_Tests.swift */ = {isa = PBXFileReference; lastKnownFileType = sourcecode.swift; path = Functionalities_Tests.swift; sourceTree = "<group>"; };
		3E80EB1B2A0ECE7C001B0420 /* SignUpWithEmailViewModel_Tests.swift */ = {isa = PBXFileReference; lastKnownFileType = sourcecode.swift; path = SignUpWithEmailViewModel_Tests.swift; sourceTree = "<group>"; };
		3E9660DA2A2A60410070D23A /* DefaultTextField.swift */ = {isa = PBXFileReference; lastKnownFileType = sourcecode.swift; path = DefaultTextField.swift; sourceTree = "<group>"; };
		3E9660DC2A2A64DD0070D23A /* DefaultNumberField.swift */ = {isa = PBXFileReference; lastKnownFileType = sourcecode.swift; path = DefaultNumberField.swift; sourceTree = "<group>"; };
		3E9660E02A2B80880070D23A /* DefaultDateField.swift */ = {isa = PBXFileReference; lastKnownFileType = sourcecode.swift; path = DefaultDateField.swift; sourceTree = "<group>"; };
		3EB03DCB29D85EC00076DBDB /* Extentions.swift */ = {isa = PBXFileReference; lastKnownFileType = sourcecode.swift; path = Extentions.swift; sourceTree = "<group>"; };
		3EB03DCD29D86D040076DBDB /* Enums.swift */ = {isa = PBXFileReference; lastKnownFileType = sourcecode.swift; path = Enums.swift; sourceTree = "<group>"; };
		3EB03DD029D89D9B0076DBDB /* SearchResultView.swift */ = {isa = PBXFileReference; lastKnownFileType = sourcecode.swift; path = SearchResultView.swift; sourceTree = "<group>"; };
		3EB03DD529D953450076DBDB /* ProductListingView.swift */ = {isa = PBXFileReference; lastKnownFileType = sourcecode.swift; path = ProductListingView.swift; sourceTree = "<group>"; };
		3EC5F9E22A115BC200D5CEE1 /* UserManager.swift */ = {isa = PBXFileReference; lastKnownFileType = sourcecode.swift; path = UserManager.swift; sourceTree = "<group>"; };
		3EC5F9E42A11728200D5CEE1 /* UserModels.swift */ = {isa = PBXFileReference; lastKnownFileType = sourcecode.swift; path = UserModels.swift; sourceTree = "<group>"; };
		3EC5F9E62A1182CD00D5CEE1 /* CompleteProfileView.swift */ = {isa = PBXFileReference; lastKnownFileType = sourcecode.swift; path = CompleteProfileView.swift; sourceTree = "<group>"; };
		3EC5F9E82A11832F00D5CEE1 /* CompleteProfileViewModel.swift */ = {isa = PBXFileReference; lastKnownFileType = sourcecode.swift; path = CompleteProfileViewModel.swift; sourceTree = "<group>"; };
		3EDBEF9E2A09563B005CA7EC /* StarRating.swift */ = {isa = PBXFileReference; lastKnownFileType = sourcecode.swift; path = StarRating.swift; sourceTree = "<group>"; };
		3EDBEFA02A095F60005CA7EC /* ProfileViewModel.swift */ = {isa = PBXFileReference; lastKnownFileType = sourcecode.swift; path = ProfileViewModel.swift; sourceTree = "<group>"; };
		3EE1824D2A0B929F00A03907 /* AuthenticationModels.swift */ = {isa = PBXFileReference; lastKnownFileType = sourcecode.swift; path = AuthenticationModels.swift; sourceTree = "<group>"; };
		3EE1824F2A0BAB5200A03907 /* Functionalities.swift */ = {isa = PBXFileReference; lastKnownFileType = sourcecode.swift; path = Functionalities.swift; sourceTree = "<group>"; };
		3EE1826F2A0BB2C200A03907 /* ResetPasswordView.swift */ = {isa = PBXFileReference; lastKnownFileType = sourcecode.swift; path = ResetPasswordView.swift; sourceTree = "<group>"; };
		3EE182712A0BB2D300A03907 /* ResetPasswordViewModel.swift */ = {isa = PBXFileReference; lastKnownFileType = sourcecode.swift; path = ResetPasswordViewModel.swift; sourceTree = "<group>"; };
		3EE182742A0D7D8F00A03907 /* SignUpWithEmailView.swift */ = {isa = PBXFileReference; lastKnownFileType = sourcecode.swift; path = SignUpWithEmailView.swift; sourceTree = "<group>"; };
		3EE182762A0D7D9900A03907 /* SignUpWithEmailViewModel.swift */ = {isa = PBXFileReference; lastKnownFileType = sourcecode.swift; path = SignUpWithEmailViewModel.swift; sourceTree = "<group>"; };
		3EEC83D029D7096E003320E5 /* Loopable.app */ = {isa = PBXFileReference; explicitFileType = wrapper.application; includeInIndex = 0; path = Loopable.app; sourceTree = BUILT_PRODUCTS_DIR; };
		3EEC83D329D7096E003320E5 /* LoopableApp.swift */ = {isa = PBXFileReference; lastKnownFileType = sourcecode.swift; path = LoopableApp.swift; sourceTree = "<group>"; };
		3EEC83D529D7096E003320E5 /* RootView.swift */ = {isa = PBXFileReference; lastKnownFileType = sourcecode.swift; path = RootView.swift; sourceTree = "<group>"; };
		3EEC83D729D7096E003320E5 /* Assets.xcassets */ = {isa = PBXFileReference; lastKnownFileType = folder.assetcatalog; path = Assets.xcassets; sourceTree = "<group>"; };
		3EEC83DA29D7096E003320E5 /* Preview Assets.xcassets */ = {isa = PBXFileReference; lastKnownFileType = folder.assetcatalog; path = "Preview Assets.xcassets"; sourceTree = "<group>"; };
		3EEC83E829D70DC6003320E5 /* HomepageView.swift */ = {isa = PBXFileReference; lastKnownFileType = sourcecode.swift; path = HomepageView.swift; sourceTree = "<group>"; };
		3EEC83ED29D70E83003320E5 /* en */ = {isa = PBXFileReference; lastKnownFileType = text.plist.strings; name = en; path = en.lproj/Localizable.strings; sourceTree = "<group>"; };
		3EEC83EF29D70EAC003320E5 /* it */ = {isa = PBXFileReference; lastKnownFileType = text.plist.strings; name = it; path = it.lproj/Localizable.strings; sourceTree = "<group>"; };
/* End PBXFileReference section */

/* Begin PBXFrameworksBuildPhase section */
		3E80EB052A0EC3B2001B0420 /* Frameworks */ = {
			isa = PBXFrameworksBuildPhase;
			buildActionMask = 2147483647;
			files = (
				3E80EB142A0EC41A001B0420 /* FirebaseAnalyticsSwift in Frameworks */,
				3E80EB162A0EC41D001B0420 /* FirebaseAuth in Frameworks */,
				3E80EB122A0EC416001B0420 /* FirebaseAnalytics in Frameworks */,
			);
			runOnlyForDeploymentPostprocessing = 0;
		};
		3EEC83CD29D7096E003320E5 /* Frameworks */ = {
			isa = PBXFrameworksBuildPhase;
			buildActionMask = 2147483647;
			files = (
				3EC5F9E12A1156F100D5CEE1 /* FirebaseFirestoreSwift in Frameworks */,
				3E50F5F42A0599A3009E7C1E /* FirebaseAnalyticsSwift in Frameworks */,
				3EC5F9DF2A1156F100D5CEE1 /* FirebaseFirestore in Frameworks */,
				3E50F5FC2A065217009E7C1E /* FirebaseAuth in Frameworks */,
				3E50F5F22A0599A3009E7C1E /* FirebaseAnalytics in Frameworks */,
				3E0EA3C02A2A21FD00F4BC89 /* FirebaseStorage in Frameworks */,
			);
			runOnlyForDeploymentPostprocessing = 0;
		};
/* End PBXFrameworksBuildPhase section */

/* Begin PBXGroup section */
		3E18C5652A0FF7190046509E /* SignInWithApple */ = {
			isa = PBXGroup;
			children = (
				3E18C5682A0FF7B10046509E /* SignInWithAppleViewRepresentable.swift */,
				3E18C56A2A0FFC470046509E /* SignInWithAppleView.swift */,
				3E18C56F2A1019EC0046509E /* SignInWithAppleViewModel.swift */,
			);
			path = SignInWithApple;
			sourceTree = "<group>";
		};
		3E18C56C2A1004A00046509E /* Helpers */ = {
			isa = PBXGroup;
			children = (
				3E18C56D2A1004CB0046509E /* SignInWithAppleHelper.swift */,
				3E4C62FA2A34E9DC00F138C9 /* PermissionsHelper.swift */,
			);
			path = Helpers;
			sourceTree = "<group>";
		};
		3E467B0F29FAF18600568544 /* Components */ = {
			isa = PBXGroup;
			children = (
				3E467B1029FAF1E600568544 /* ProgressWidget.swift */,
				3E467B1429FC2BE100568544 /* FormStepper.swift */,
				3EDBEF9E2A09563B005CA7EC /* StarRating.swift */,
				3E5C87222A33A4C00026D440 /* DefaultLargeTextField.swift */,
				3E9660DA2A2A60410070D23A /* DefaultTextField.swift */,
				3E9660DC2A2A64DD0070D23A /* DefaultNumberField.swift */,
				3E9660E02A2B80880070D23A /* DefaultDateField.swift */,
				3E11FB582A2B897900EB47D2 /* DefaultImageField.swift */,
			);
			path = Components;
			sourceTree = "<group>";
		};
		3E50F5F72A064FAC009E7C1E /* Managers */ = {
			isa = PBXGroup;
			children = (
				3E50F6042A06958F009E7C1E /* AuthenticationManager.swift */,
				3EC5F9E22A115BC200D5CEE1 /* UserManager.swift */,
				3E20CA3E2A2904CA00EF8307 /* ListingManager.swift */,
				3E0EA3C12A2A22F100F4BC89 /* StorageManager.swift */,
			);
			path = Managers;
			sourceTree = "<group>";
		};
		3E50F5F82A06500A009E7C1E /* Screens */ = {
			isa = PBXGroup;
			children = (
				3E50F5F92A065028009E7C1E /* Authentication */,
				3EB03DD229D952E00076DBDB /* ProductListing */,
				3EB03DCF29D89D630076DBDB /* SearchResult */,
				3EEC83E329D70D0C003320E5 /* Homepage */,
				3EEC83E729D70D98003320E5 /* CreateListing */,
				3EEC83E629D70D76003320E5 /* Profile */,
				3EEC83E529D70D3D003320E5 /* Chat */,
			);
			path = Screens;
			sourceTree = "<group>";
		};
		3E50F5F92A065028009E7C1E /* Authentication */ = {
			isa = PBXGroup;
			children = (
				3E50F5FD2A06528F009E7C1E /* AuthenticationMainView.swift */,
				3EE182732A0D7D6300A03907 /* SignUpWithEmail */,
				3E50F5FF2A066C1B009E7C1E /* SignInWithEmail */,
				3E18C5652A0FF7190046509E /* SignInWithApple */,
			);
			path = Authentication;
			sourceTree = "<group>";
		};
		3E50F5FA2A065217009E7C1E /* Frameworks */ = {
			isa = PBXGroup;
			children = (
			);
			name = Frameworks;
			sourceTree = "<group>";
		};
		3E50F5FF2A066C1B009E7C1E /* SignInWithEmail */ = {
			isa = PBXGroup;
			children = (
				3E50F6002A066C44009E7C1E /* SignInWithEmailView.swift */,
				3E50F6022A066C52009E7C1E /* SignInWithEmailViewModel.swift */,
				3EE1826F2A0BB2C200A03907 /* ResetPasswordView.swift */,
				3EE182712A0BB2D300A03907 /* ResetPasswordViewModel.swift */,
			);
			path = SignInWithEmail;
			sourceTree = "<group>";
		};
		3E80EB092A0EC3B2001B0420 /* Loopable_Tests */ = {
			isa = PBXGroup;
			children = (
				3E80EB192A0EC4CD001B0420 /* Functionalities_Tests.swift */,
				3E80EB1B2A0ECE7C001B0420 /* SignUpWithEmailViewModel_Tests.swift */,
			);
			path = Loopable_Tests;
			sourceTree = "<group>";
		};
		3EB03DCF29D89D630076DBDB /* SearchResult */ = {
			isa = PBXGroup;
			children = (
				3EB03DD029D89D9B0076DBDB /* SearchResultView.swift */,
			);
			path = SearchResult;
			sourceTree = "<group>";
		};
		3EB03DD229D952E00076DBDB /* ProductListing */ = {
			isa = PBXGroup;
			children = (
				3EB03DD529D953450076DBDB /* ProductListingView.swift */,
			);
			path = ProductListing;
			sourceTree = "<group>";
		};
		3EE1824C2A0B926400A03907 /* Models */ = {
			isa = PBXGroup;
			children = (
				3EE1824D2A0B929F00A03907 /* AuthenticationModels.swift */,
				3EC5F9E42A11728200D5CEE1 /* UserModels.swift */,
				3E20CA3A2A28E1E300EF8307 /* ListingModels.swift */,
			);
			path = Models;
			sourceTree = "<group>";
		};
		3EE182732A0D7D6300A03907 /* SignUpWithEmail */ = {
			isa = PBXGroup;
			children = (
				3EE182742A0D7D8F00A03907 /* SignUpWithEmailView.swift */,
				3EE182762A0D7D9900A03907 /* SignUpWithEmailViewModel.swift */,
			);
			path = SignUpWithEmail;
			sourceTree = "<group>";
		};
		3EEC83C729D7096D003320E5 = {
			isa = PBXGroup;
			children = (
				3EEC83D229D7096E003320E5 /* Loopable */,
				3E80EB092A0EC3B2001B0420 /* Loopable_Tests */,
				3EEC83D129D7096E003320E5 /* Products */,
				3E50F5FA2A065217009E7C1E /* Frameworks */,
			);
			sourceTree = "<group>";
		};
		3EEC83D129D7096E003320E5 /* Products */ = {
			isa = PBXGroup;
			children = (
				3EEC83D029D7096E003320E5 /* Loopable.app */,
				3E80EB082A0EC3B2001B0420 /* Loopable_Tests.xctest */,
			);
			name = Products;
			sourceTree = "<group>";
		};
		3EEC83D229D7096E003320E5 /* Loopable */ = {
			isa = PBXGroup;
			children = (
				3E4C62F92A34E7E700F138C9 /* Info.plist */,
				3E18C5642A0FF51A0046509E /* Loopable.entitlements */,
				3E50F5EE2A05985B009E7C1E /* GoogleService-Info.plist */,
				3E50F5F52A0599D2009E7C1E /* AppDelegate.swift */,
				3EEC83D329D7096E003320E5 /* LoopableApp.swift */,
				3EEC83E129D70C3A003320E5 /* Core */,
				3EEC83E229D70CB8003320E5 /* Utilities */,
				3EEC83D729D7096E003320E5 /* Assets.xcassets */,
				3EEC83D929D7096E003320E5 /* Preview Content */,
			);
			path = Loopable;
			sourceTree = "<group>";
		};
		3EEC83D929D7096E003320E5 /* Preview Content */ = {
			isa = PBXGroup;
			children = (
				3EEC83DA29D7096E003320E5 /* Preview Assets.xcassets */,
			);
			path = "Preview Content";
			sourceTree = "<group>";
		};
		3EEC83E129D70C3A003320E5 /* Core */ = {
			isa = PBXGroup;
			children = (
				3EEC83D529D7096E003320E5 /* RootView.swift */,
				3EE1824C2A0B926400A03907 /* Models */,
				3E50F5F72A064FAC009E7C1E /* Managers */,
				3E50F5F82A06500A009E7C1E /* Screens */,
			);
			path = Core;
			sourceTree = "<group>";
		};
		3EEC83E229D70CB8003320E5 /* Utilities */ = {
			isa = PBXGroup;
			children = (
				3E18C56C2A1004A00046509E /* Helpers */,
				3E467B0F29FAF18600568544 /* Components */,
				3EEC83EE29D70E83003320E5 /* Localizable.strings */,
				3EE1824F2A0BAB5200A03907 /* Functionalities.swift */,
				3EB03DCB29D85EC00076DBDB /* Extentions.swift */,
				3EB03DCD29D86D040076DBDB /* Enums.swift */,
				3E1E2C4529D98380004D171E /* Launch Screen.storyboard */,
			);
			path = Utilities;
			sourceTree = "<group>";
		};
		3EEC83E329D70D0C003320E5 /* Homepage */ = {
			isa = PBXGroup;
			children = (
				3EEC83E829D70DC6003320E5 /* HomepageView.swift */,
			);
			path = Homepage;
			sourceTree = "<group>";
		};
		3EEC83E529D70D3D003320E5 /* Chat */ = {
			isa = PBXGroup;
			children = (
			);
			path = Chat;
			sourceTree = "<group>";
		};
		3EEC83E629D70D76003320E5 /* Profile */ = {
			isa = PBXGroup;
			children = (
				3E467B1629FD593D00568544 /* ProfileView.swift */,
				3EDBEFA02A095F60005CA7EC /* ProfileViewModel.swift */,
				3EC5F9E62A1182CD00D5CEE1 /* CompleteProfileView.swift */,
				3EC5F9E82A11832F00D5CEE1 /* CompleteProfileViewModel.swift */,
			);
			path = Profile;
			sourceTree = "<group>";
		};
		3EEC83E729D70D98003320E5 /* CreateListing */ = {
			isa = PBXGroup;
			children = (
				3E467B1229FB079900568544 /* CreateListingView.swift */,
				3E0C15292A1BEBC300BB5B26 /* CreateListingViewModel.swift */,
			);
			path = CreateListing;
			sourceTree = "<group>";
		};
/* End PBXGroup section */

/* Begin PBXNativeTarget section */
		3E80EB072A0EC3B2001B0420 /* Loopable_Tests */ = {
			isa = PBXNativeTarget;
			buildConfigurationList = 3E80EB102A0EC3B2001B0420 /* Build configuration list for PBXNativeTarget "Loopable_Tests" */;
			buildPhases = (
				3E80EB042A0EC3B2001B0420 /* Sources */,
				3E80EB052A0EC3B2001B0420 /* Frameworks */,
				3E80EB062A0EC3B2001B0420 /* Resources */,
			);
			buildRules = (
			);
			dependencies = (
				3E80EB0D2A0EC3B2001B0420 /* PBXTargetDependency */,
			);
			name = Loopable_Tests;
			packageProductDependencies = (
				3E80EB112A0EC416001B0420 /* FirebaseAnalytics */,
				3E80EB132A0EC41A001B0420 /* FirebaseAnalyticsSwift */,
				3E80EB152A0EC41D001B0420 /* FirebaseAuth */,
			);
			productName = Loopable_Tests;
			productReference = 3E80EB082A0EC3B2001B0420 /* Loopable_Tests.xctest */;
			productType = "com.apple.product-type.bundle.unit-test";
		};
		3EEC83CF29D7096E003320E5 /* Loopable */ = {
			isa = PBXNativeTarget;
			buildConfigurationList = 3EEC83DE29D7096E003320E5 /* Build configuration list for PBXNativeTarget "Loopable" */;
			buildPhases = (
				3EEC83CC29D7096E003320E5 /* Sources */,
				3EEC83CD29D7096E003320E5 /* Frameworks */,
				3EEC83CE29D7096E003320E5 /* Resources */,
			);
			buildRules = (
			);
			dependencies = (
			);
			name = Loopable;
			packageProductDependencies = (
				3E50F5F12A0599A3009E7C1E /* FirebaseAnalytics */,
				3E50F5F32A0599A3009E7C1E /* FirebaseAnalyticsSwift */,
				3E50F5FB2A065217009E7C1E /* FirebaseAuth */,
				3EC5F9DE2A1156F100D5CEE1 /* FirebaseFirestore */,
				3EC5F9E02A1156F100D5CEE1 /* FirebaseFirestoreSwift */,
				3E0EA3BF2A2A21FD00F4BC89 /* FirebaseStorage */,
			);
			productName = Loopable;
			productReference = 3EEC83D029D7096E003320E5 /* Loopable.app */;
			productType = "com.apple.product-type.application";
		};
/* End PBXNativeTarget section */

/* Begin PBXProject section */
		3EEC83C829D7096D003320E5 /* Project object */ = {
			isa = PBXProject;
			attributes = {
				BuildIndependentTargetsInParallel = 1;
				LastSwiftUpdateCheck = 1430;
				LastUpgradeCheck = 1420;
				TargetAttributes = {
					3E80EB072A0EC3B2001B0420 = {
						CreatedOnToolsVersion = 14.3;
						TestTargetID = 3EEC83CF29D7096E003320E5;
					};
					3EEC83CF29D7096E003320E5 = {
						CreatedOnToolsVersion = 14.2;
					};
				};
			};
			buildConfigurationList = 3EEC83CB29D7096D003320E5 /* Build configuration list for PBXProject "Loopable" */;
			compatibilityVersion = "Xcode 14.0";
			developmentRegion = en;
			hasScannedForEncodings = 0;
			knownRegions = (
				en,
				Base,
				it,
			);
			mainGroup = 3EEC83C729D7096D003320E5;
			packageReferences = (
				3E50F5F02A0599A3009E7C1E /* XCRemoteSwiftPackageReference "firebase-ios-sdk" */,
			);
			productRefGroup = 3EEC83D129D7096E003320E5 /* Products */;
			projectDirPath = "";
			projectRoot = "";
			targets = (
				3EEC83CF29D7096E003320E5 /* Loopable */,
				3E80EB072A0EC3B2001B0420 /* Loopable_Tests */,
			);
		};
/* End PBXProject section */

/* Begin PBXResourcesBuildPhase section */
		3E80EB062A0EC3B2001B0420 /* Resources */ = {
			isa = PBXResourcesBuildPhase;
			buildActionMask = 2147483647;
			files = (
			);
			runOnlyForDeploymentPostprocessing = 0;
		};
		3EEC83CE29D7096E003320E5 /* Resources */ = {
			isa = PBXResourcesBuildPhase;
			buildActionMask = 2147483647;
			files = (
				3EEC83DB29D7096E003320E5 /* Preview Assets.xcassets in Resources */,
				3EEC83EC29D70E83003320E5 /* Localizable.strings in Resources */,
				3E50F5EF2A05985B009E7C1E /* GoogleService-Info.plist in Resources */,
				3E1E2C4629D98380004D171E /* Launch Screen.storyboard in Resources */,
				3EEC83D829D7096E003320E5 /* Assets.xcassets in Resources */,
			);
			runOnlyForDeploymentPostprocessing = 0;
		};
/* End PBXResourcesBuildPhase section */

/* Begin PBXSourcesBuildPhase section */
		3E80EB042A0EC3B2001B0420 /* Sources */ = {
			isa = PBXSourcesBuildPhase;
			buildActionMask = 2147483647;
			files = (
				3E80EB1C2A0ECE7C001B0420 /* SignUpWithEmailViewModel_Tests.swift in Sources */,
				3E80EB1A2A0EC4CD001B0420 /* Functionalities_Tests.swift in Sources */,
			);
			runOnlyForDeploymentPostprocessing = 0;
		};
		3EEC83CC29D7096E003320E5 /* Sources */ = {
			isa = PBXSourcesBuildPhase;
			buildActionMask = 2147483647;
			files = (
				3E50F5F62A0599D2009E7C1E /* AppDelegate.swift in Sources */,
				3E5C87232A33A4C00026D440 /* DefaultLargeTextField.swift in Sources */,
				3E50F6052A06958F009E7C1E /* AuthenticationManager.swift in Sources */,
				3EDBEF9F2A09563B005CA7EC /* StarRating.swift in Sources */,
				3E0EA3C22A2A22F100F4BC89 /* StorageManager.swift in Sources */,
				3EE182702A0BB2C200A03907 /* ResetPasswordView.swift in Sources */,
				3E9660DB2A2A60410070D23A /* DefaultTextField.swift in Sources */,
				3E20CA3B2A28E1E300EF8307 /* ListingModels.swift in Sources */,
				3E467B1129FAF1E600568544 /* ProgressWidget.swift in Sources */,
				3E0C152A2A1BEBC300BB5B26 /* CreateListingViewModel.swift in Sources */,
				3EE182722A0BB2D300A03907 /* ResetPasswordViewModel.swift in Sources */,
				3E50F5FE2A06528F009E7C1E /* AuthenticationMainView.swift in Sources */,
				3EC5F9E32A115BC200D5CEE1 /* UserManager.swift in Sources */,
				3E50F6032A066C52009E7C1E /* SignInWithEmailViewModel.swift in Sources */,
				3E18C56E2A1004CB0046509E /* SignInWithAppleHelper.swift in Sources */,
				3E20CA3F2A2904CA00EF8307 /* ListingManager.swift in Sources */,
				3EE182752A0D7D8F00A03907 /* SignUpWithEmailView.swift in Sources */,
				3E467B1529FC2BE100568544 /* FormStepper.swift in Sources */,
				3E18C5702A1019EC0046509E /* SignInWithAppleViewModel.swift in Sources */,
				3EB03DCC29D85EC00076DBDB /* Extentions.swift in Sources */,
				3E467B1329FB079900568544 /* CreateListingView.swift in Sources */,
				3EC5F9E92A11832F00D5CEE1 /* CompleteProfileViewModel.swift in Sources */,
				3EE182502A0BAB5200A03907 /* Functionalities.swift in Sources */,
				3EC5F9E72A1182CD00D5CEE1 /* CompleteProfileView.swift in Sources */,
				3E9660E12A2B80880070D23A /* DefaultDateField.swift in Sources */,
				3E9660DD2A2A64DD0070D23A /* DefaultNumberField.swift in Sources */,
				3EC5F9E52A11728200D5CEE1 /* UserModels.swift in Sources */,
				3EB03DD129D89D9B0076DBDB /* SearchResultView.swift in Sources */,
				3EEC83E929D70DC6003320E5 /* HomepageView.swift in Sources */,
				3EE182772A0D7D9900A03907 /* SignUpWithEmailViewModel.swift in Sources */,
				3EB03DCE29D86D040076DBDB /* Enums.swift in Sources */,
				3E11FB592A2B897900EB47D2 /* DefaultImageField.swift in Sources */,
				3EDBEFA12A095F60005CA7EC /* ProfileViewModel.swift in Sources */,
				3EB03DD629D953450076DBDB /* ProductListingView.swift in Sources */,
				3E4C62FB2A34E9DC00F138C9 /* PermissionsHelper.swift in Sources */,
				3E18C56B2A0FFC470046509E /* SignInWithAppleView.swift in Sources */,
				3E18C5692A0FF7B10046509E /* SignInWithAppleViewRepresentable.swift in Sources */,
				3EEC83D629D7096E003320E5 /* RootView.swift in Sources */,
				3EE1824E2A0B929F00A03907 /* AuthenticationModels.swift in Sources */,
				3E50F6012A066C44009E7C1E /* SignInWithEmailView.swift in Sources */,
				3E467B1729FD593D00568544 /* ProfileView.swift in Sources */,
				3EEC83D429D7096E003320E5 /* LoopableApp.swift in Sources */,
			);
			runOnlyForDeploymentPostprocessing = 0;
		};
/* End PBXSourcesBuildPhase section */

/* Begin PBXTargetDependency section */
		3E80EB0D2A0EC3B2001B0420 /* PBXTargetDependency */ = {
			isa = PBXTargetDependency;
			target = 3EEC83CF29D7096E003320E5 /* Loopable */;
			targetProxy = 3E80EB0C2A0EC3B2001B0420 /* PBXContainerItemProxy */;
		};
/* End PBXTargetDependency section */

/* Begin PBXVariantGroup section */
		3EEC83EE29D70E83003320E5 /* Localizable.strings */ = {
			isa = PBXVariantGroup;
			children = (
				3EEC83ED29D70E83003320E5 /* en */,
				3EEC83EF29D70EAC003320E5 /* it */,
			);
			name = Localizable.strings;
			sourceTree = "<group>";
		};
/* End PBXVariantGroup section */

/* Begin XCBuildConfiguration section */
		3E80EB0E2A0EC3B2001B0420 /* Debug */ = {
			isa = XCBuildConfiguration;
			buildSettings = {
				BUNDLE_LOADER = "$(TEST_HOST)";
				CODE_SIGN_STYLE = Automatic;
				CURRENT_PROJECT_VERSION = 1;
				DEVELOPMENT_TEAM = L4Q33JXGU4;
				GENERATE_INFOPLIST_FILE = YES;
				IPHONEOS_DEPLOYMENT_TARGET = 16.4;
				MARKETING_VERSION = 1.0;
				PRODUCT_BUNDLE_IDENTIFIER = "com.mattiacintura.Loopable-Tests";
				PRODUCT_NAME = "$(TARGET_NAME)";
				SUPPORTED_PLATFORMS = "iphoneos iphonesimulator";
				SUPPORTS_MACCATALYST = NO;
				SUPPORTS_MAC_DESIGNED_FOR_IPHONE_IPAD = NO;
				SWIFT_EMIT_LOC_STRINGS = NO;
				SWIFT_VERSION = 5.0;
				TARGETED_DEVICE_FAMILY = 1;
				TEST_HOST = "$(BUILT_PRODUCTS_DIR)/Loopable.app/$(BUNDLE_EXECUTABLE_FOLDER_PATH)/Loopable";
			};
			name = Debug;
		};
		3E80EB0F2A0EC3B2001B0420 /* Release */ = {
			isa = XCBuildConfiguration;
			buildSettings = {
				BUNDLE_LOADER = "$(TEST_HOST)";
				CODE_SIGN_STYLE = Automatic;
				CURRENT_PROJECT_VERSION = 1;
				DEVELOPMENT_TEAM = L4Q33JXGU4;
				GENERATE_INFOPLIST_FILE = YES;
				IPHONEOS_DEPLOYMENT_TARGET = 16.4;
				MARKETING_VERSION = 1.0;
				PRODUCT_BUNDLE_IDENTIFIER = "com.mattiacintura.Loopable-Tests";
				PRODUCT_NAME = "$(TARGET_NAME)";
				SUPPORTED_PLATFORMS = "iphoneos iphonesimulator";
				SUPPORTS_MACCATALYST = NO;
				SUPPORTS_MAC_DESIGNED_FOR_IPHONE_IPAD = NO;
				SWIFT_EMIT_LOC_STRINGS = NO;
				SWIFT_VERSION = 5.0;
				TARGETED_DEVICE_FAMILY = 1;
				TEST_HOST = "$(BUILT_PRODUCTS_DIR)/Loopable.app/$(BUNDLE_EXECUTABLE_FOLDER_PATH)/Loopable";
			};
			name = Release;
		};
		3EEC83DC29D7096E003320E5 /* Debug */ = {
			isa = XCBuildConfiguration;
			buildSettings = {
				ALWAYS_SEARCH_USER_PATHS = NO;
				CLANG_ANALYZER_LOCALIZABILITY_NONLOCALIZED = YES;
				CLANG_ANALYZER_NONNULL = YES;
				CLANG_ANALYZER_NUMBER_OBJECT_CONVERSION = YES_AGGRESSIVE;
				CLANG_CXX_LANGUAGE_STANDARD = "gnu++20";
				CLANG_ENABLE_MODULES = YES;
				CLANG_ENABLE_OBJC_ARC = YES;
				CLANG_ENABLE_OBJC_WEAK = YES;
				CLANG_WARN_BLOCK_CAPTURE_AUTORELEASING = YES;
				CLANG_WARN_BOOL_CONVERSION = YES;
				CLANG_WARN_COMMA = YES;
				CLANG_WARN_CONSTANT_CONVERSION = YES;
				CLANG_WARN_DEPRECATED_OBJC_IMPLEMENTATIONS = YES;
				CLANG_WARN_DIRECT_OBJC_ISA_USAGE = YES_ERROR;
				CLANG_WARN_DOCUMENTATION_COMMENTS = YES;
				CLANG_WARN_EMPTY_BODY = YES;
				CLANG_WARN_ENUM_CONVERSION = YES;
				CLANG_WARN_INFINITE_RECURSION = YES;
				CLANG_WARN_INT_CONVERSION = YES;
				CLANG_WARN_NON_LITERAL_NULL_CONVERSION = YES;
				CLANG_WARN_OBJC_IMPLICIT_RETAIN_SELF = YES;
				CLANG_WARN_OBJC_LITERAL_CONVERSION = YES;
				CLANG_WARN_OBJC_ROOT_CLASS = YES_ERROR;
				CLANG_WARN_QUOTED_INCLUDE_IN_FRAMEWORK_HEADER = YES;
				CLANG_WARN_RANGE_LOOP_ANALYSIS = YES;
				CLANG_WARN_STRICT_PROTOTYPES = YES;
				CLANG_WARN_SUSPICIOUS_MOVE = YES;
				CLANG_WARN_UNGUARDED_AVAILABILITY = YES_AGGRESSIVE;
				CLANG_WARN_UNREACHABLE_CODE = YES;
				CLANG_WARN__DUPLICATE_METHOD_MATCH = YES;
				COPY_PHASE_STRIP = NO;
				DEBUG_INFORMATION_FORMAT = dwarf;
				ENABLE_STRICT_OBJC_MSGSEND = YES;
				ENABLE_TESTABILITY = YES;
				GCC_C_LANGUAGE_STANDARD = gnu11;
				GCC_DYNAMIC_NO_PIC = NO;
				GCC_NO_COMMON_BLOCKS = YES;
				GCC_OPTIMIZATION_LEVEL = 0;
				GCC_PREPROCESSOR_DEFINITIONS = (
					"DEBUG=1",
					"$(inherited)",
				);
				GCC_WARN_64_TO_32_BIT_CONVERSION = YES;
				GCC_WARN_ABOUT_RETURN_TYPE = YES_ERROR;
				GCC_WARN_UNDECLARED_SELECTOR = YES;
				GCC_WARN_UNINITIALIZED_AUTOS = YES_AGGRESSIVE;
				GCC_WARN_UNUSED_FUNCTION = YES;
				GCC_WARN_UNUSED_VARIABLE = YES;
				IPHONEOS_DEPLOYMENT_TARGET = 16.0;
				MTL_ENABLE_DEBUG_INFO = INCLUDE_SOURCE;
				MTL_FAST_MATH = YES;
				ONLY_ACTIVE_ARCH = YES;
				SDKROOT = iphoneos;
				SWIFT_ACTIVE_COMPILATION_CONDITIONS = DEBUG;
				SWIFT_OPTIMIZATION_LEVEL = "-Onone";
			};
			name = Debug;
		};
		3EEC83DD29D7096E003320E5 /* Release */ = {
			isa = XCBuildConfiguration;
			buildSettings = {
				ALWAYS_SEARCH_USER_PATHS = NO;
				CLANG_ANALYZER_LOCALIZABILITY_NONLOCALIZED = YES;
				CLANG_ANALYZER_NONNULL = YES;
				CLANG_ANALYZER_NUMBER_OBJECT_CONVERSION = YES_AGGRESSIVE;
				CLANG_CXX_LANGUAGE_STANDARD = "gnu++20";
				CLANG_ENABLE_MODULES = YES;
				CLANG_ENABLE_OBJC_ARC = YES;
				CLANG_ENABLE_OBJC_WEAK = YES;
				CLANG_WARN_BLOCK_CAPTURE_AUTORELEASING = YES;
				CLANG_WARN_BOOL_CONVERSION = YES;
				CLANG_WARN_COMMA = YES;
				CLANG_WARN_CONSTANT_CONVERSION = YES;
				CLANG_WARN_DEPRECATED_OBJC_IMPLEMENTATIONS = YES;
				CLANG_WARN_DIRECT_OBJC_ISA_USAGE = YES_ERROR;
				CLANG_WARN_DOCUMENTATION_COMMENTS = YES;
				CLANG_WARN_EMPTY_BODY = YES;
				CLANG_WARN_ENUM_CONVERSION = YES;
				CLANG_WARN_INFINITE_RECURSION = YES;
				CLANG_WARN_INT_CONVERSION = YES;
				CLANG_WARN_NON_LITERAL_NULL_CONVERSION = YES;
				CLANG_WARN_OBJC_IMPLICIT_RETAIN_SELF = YES;
				CLANG_WARN_OBJC_LITERAL_CONVERSION = YES;
				CLANG_WARN_OBJC_ROOT_CLASS = YES_ERROR;
				CLANG_WARN_QUOTED_INCLUDE_IN_FRAMEWORK_HEADER = YES;
				CLANG_WARN_RANGE_LOOP_ANALYSIS = YES;
				CLANG_WARN_STRICT_PROTOTYPES = YES;
				CLANG_WARN_SUSPICIOUS_MOVE = YES;
				CLANG_WARN_UNGUARDED_AVAILABILITY = YES_AGGRESSIVE;
				CLANG_WARN_UNREACHABLE_CODE = YES;
				CLANG_WARN__DUPLICATE_METHOD_MATCH = YES;
				COPY_PHASE_STRIP = NO;
				DEBUG_INFORMATION_FORMAT = "dwarf-with-dsym";
				ENABLE_NS_ASSERTIONS = NO;
				ENABLE_STRICT_OBJC_MSGSEND = YES;
				GCC_C_LANGUAGE_STANDARD = gnu11;
				GCC_NO_COMMON_BLOCKS = YES;
				GCC_WARN_64_TO_32_BIT_CONVERSION = YES;
				GCC_WARN_ABOUT_RETURN_TYPE = YES_ERROR;
				GCC_WARN_UNDECLARED_SELECTOR = YES;
				GCC_WARN_UNINITIALIZED_AUTOS = YES_AGGRESSIVE;
				GCC_WARN_UNUSED_FUNCTION = YES;
				GCC_WARN_UNUSED_VARIABLE = YES;
				IPHONEOS_DEPLOYMENT_TARGET = 16.0;
				MTL_ENABLE_DEBUG_INFO = NO;
				MTL_FAST_MATH = YES;
				SDKROOT = iphoneos;
				SWIFT_COMPILATION_MODE = wholemodule;
				SWIFT_OPTIMIZATION_LEVEL = "-O";
				VALIDATE_PRODUCT = YES;
			};
			name = Release;
		};
		3EEC83DF29D7096E003320E5 /* Debug */ = {
			isa = XCBuildConfiguration;
			buildSettings = {
				ASSETCATALOG_COMPILER_APPICON_NAME = AppIcon;
				ASSETCATALOG_COMPILER_GLOBAL_ACCENT_COLOR_NAME = AccentColor;
				ASSETCATALOG_COMPILER_INCLUDE_ALL_APPICON_ASSETS = NO;
				CODE_SIGN_ENTITLEMENTS = Loopable/Loopable.entitlements;
				CODE_SIGN_STYLE = Automatic;
				CURRENT_PROJECT_VERSION = 1;
				DEVELOPMENT_ASSET_PATHS = "";
				DEVELOPMENT_TEAM = L4Q33JXGU4;
				ENABLE_PREVIEWS = YES;
				GENERATE_INFOPLIST_FILE = YES;
				INFOPLIST_FILE = Loopable/Info.plist;
				INFOPLIST_KEY_CFBundleDisplayName = Loopable;
				INFOPLIST_KEY_NSPhotoLibraryUsageDescription = test;
				INFOPLIST_KEY_UIApplicationSceneManifest_Generation = YES;
				INFOPLIST_KEY_UIApplicationSupportsIndirectInputEvents = YES;
				INFOPLIST_KEY_UILaunchScreen_Generation = YES;
				INFOPLIST_KEY_UILaunchStoryboardName = "Launch Screen.storyboard";
				INFOPLIST_KEY_UISupportedInterfaceOrientations = UIInterfaceOrientationPortrait;
				INFOPLIST_KEY_UISupportedInterfaceOrientations_iPad = "UIInterfaceOrientationLandscapeLeft UIInterfaceOrientationLandscapeRight UIInterfaceOrientationPortrait UIInterfaceOrientationPortraitUpsideDown";
				IPHONEOS_DEPLOYMENT_TARGET = 16.0;
				LD_RUNPATH_SEARCH_PATHS = (
					"$(inherited)",
					"@executable_path/Frameworks",
				);
				MARKETING_VERSION = 1.0;
				PRODUCT_BUNDLE_IDENTIFIER = com.mattiacintura.Loopable;
				PRODUCT_NAME = "$(TARGET_NAME)";
				SUPPORTED_PLATFORMS = "iphoneos iphonesimulator";
				SUPPORTS_MACCATALYST = NO;
				SUPPORTS_MAC_DESIGNED_FOR_IPHONE_IPAD = NO;
				SWIFT_EMIT_LOC_STRINGS = YES;
				SWIFT_VERSION = 5.0;
				TARGETED_DEVICE_FAMILY = 1;
			};
			name = Debug;
		};
		3EEC83E029D7096E003320E5 /* Release */ = {
			isa = XCBuildConfiguration;
			buildSettings = {
				ASSETCATALOG_COMPILER_APPICON_NAME = AppIcon;
				ASSETCATALOG_COMPILER_GLOBAL_ACCENT_COLOR_NAME = AccentColor;
				ASSETCATALOG_COMPILER_INCLUDE_ALL_APPICON_ASSETS = NO;
				CODE_SIGN_ENTITLEMENTS = Loopable/Loopable.entitlements;
				CODE_SIGN_STYLE = Automatic;
				CURRENT_PROJECT_VERSION = 1;
				DEVELOPMENT_ASSET_PATHS = "";
				DEVELOPMENT_TEAM = L4Q33JXGU4;
				ENABLE_PREVIEWS = YES;
				GENERATE_INFOPLIST_FILE = YES;
				INFOPLIST_FILE = Loopable/Info.plist;
				INFOPLIST_KEY_CFBundleDisplayName = Loopable;
				INFOPLIST_KEY_NSPhotoLibraryUsageDescription = test;
				INFOPLIST_KEY_UIApplicationSceneManifest_Generation = YES;
				INFOPLIST_KEY_UIApplicationSupportsIndirectInputEvents = YES;
				INFOPLIST_KEY_UILaunchScreen_Generation = YES;
				INFOPLIST_KEY_UILaunchStoryboardName = "Launch Screen.storyboard";
				INFOPLIST_KEY_UISupportedInterfaceOrientations = UIInterfaceOrientationPortrait;
				INFOPLIST_KEY_UISupportedInterfaceOrientations_iPad = "UIInterfaceOrientationLandscapeLeft UIInterfaceOrientationLandscapeRight UIInterfaceOrientationPortrait UIInterfaceOrientationPortraitUpsideDown";
				IPHONEOS_DEPLOYMENT_TARGET = 16.0;
				LD_RUNPATH_SEARCH_PATHS = (
					"$(inherited)",
					"@executable_path/Frameworks",
				);
				MARKETING_VERSION = 1.0;
				PRODUCT_BUNDLE_IDENTIFIER = com.mattiacintura.Loopable;
				PRODUCT_NAME = "$(TARGET_NAME)";
				SUPPORTED_PLATFORMS = "iphoneos iphonesimulator";
				SUPPORTS_MACCATALYST = NO;
				SUPPORTS_MAC_DESIGNED_FOR_IPHONE_IPAD = NO;
				SWIFT_EMIT_LOC_STRINGS = YES;
				SWIFT_VERSION = 5.0;
				TARGETED_DEVICE_FAMILY = 1;
			};
			name = Release;
		};
/* End XCBuildConfiguration section */

/* Begin XCConfigurationList section */
		3E80EB102A0EC3B2001B0420 /* Build configuration list for PBXNativeTarget "Loopable_Tests" */ = {
			isa = XCConfigurationList;
			buildConfigurations = (
				3E80EB0E2A0EC3B2001B0420 /* Debug */,
				3E80EB0F2A0EC3B2001B0420 /* Release */,
			);
			defaultConfigurationIsVisible = 0;
			defaultConfigurationName = Release;
		};
		3EEC83CB29D7096D003320E5 /* Build configuration list for PBXProject "Loopable" */ = {
			isa = XCConfigurationList;
			buildConfigurations = (
				3EEC83DC29D7096E003320E5 /* Debug */,
				3EEC83DD29D7096E003320E5 /* Release */,
			);
			defaultConfigurationIsVisible = 0;
			defaultConfigurationName = Release;
		};
		3EEC83DE29D7096E003320E5 /* Build configuration list for PBXNativeTarget "Loopable" */ = {
			isa = XCConfigurationList;
			buildConfigurations = (
				3EEC83DF29D7096E003320E5 /* Debug */,
				3EEC83E029D7096E003320E5 /* Release */,
			);
			defaultConfigurationIsVisible = 0;
			defaultConfigurationName = Release;
		};
/* End XCConfigurationList section */

/* Begin XCRemoteSwiftPackageReference section */
		3E50F5F02A0599A3009E7C1E /* XCRemoteSwiftPackageReference "firebase-ios-sdk" */ = {
			isa = XCRemoteSwiftPackageReference;
			repositoryURL = "https://github.com/firebase/firebase-ios-sdk";
			requirement = {
				kind = upToNextMajorVersion;
				minimumVersion = 10.9.0;
			};
		};
/* End XCRemoteSwiftPackageReference section */

/* Begin XCSwiftPackageProductDependency section */
		3E0EA3BF2A2A21FD00F4BC89 /* FirebaseStorage */ = {
			isa = XCSwiftPackageProductDependency;
			package = 3E50F5F02A0599A3009E7C1E /* XCRemoteSwiftPackageReference "firebase-ios-sdk" */;
			productName = FirebaseStorage;
		};
		3E50F5F12A0599A3009E7C1E /* FirebaseAnalytics */ = {
			isa = XCSwiftPackageProductDependency;
			package = 3E50F5F02A0599A3009E7C1E /* XCRemoteSwiftPackageReference "firebase-ios-sdk" */;
			productName = FirebaseAnalytics;
		};
		3E50F5F32A0599A3009E7C1E /* FirebaseAnalyticsSwift */ = {
			isa = XCSwiftPackageProductDependency;
			package = 3E50F5F02A0599A3009E7C1E /* XCRemoteSwiftPackageReference "firebase-ios-sdk" */;
			productName = FirebaseAnalyticsSwift;
		};
		3E50F5FB2A065217009E7C1E /* FirebaseAuth */ = {
			isa = XCSwiftPackageProductDependency;
			package = 3E50F5F02A0599A3009E7C1E /* XCRemoteSwiftPackageReference "firebase-ios-sdk" */;
			productName = FirebaseAuth;
		};
		3E80EB112A0EC416001B0420 /* FirebaseAnalytics */ = {
			isa = XCSwiftPackageProductDependency;
			package = 3E50F5F02A0599A3009E7C1E /* XCRemoteSwiftPackageReference "firebase-ios-sdk" */;
			productName = FirebaseAnalytics;
		};
		3E80EB132A0EC41A001B0420 /* FirebaseAnalyticsSwift */ = {
			isa = XCSwiftPackageProductDependency;
			package = 3E50F5F02A0599A3009E7C1E /* XCRemoteSwiftPackageReference "firebase-ios-sdk" */;
			productName = FirebaseAnalyticsSwift;
		};
		3E80EB152A0EC41D001B0420 /* FirebaseAuth */ = {
			isa = XCSwiftPackageProductDependency;
			package = 3E50F5F02A0599A3009E7C1E /* XCRemoteSwiftPackageReference "firebase-ios-sdk" */;
			productName = FirebaseAuth;
		};
		3EC5F9DE2A1156F100D5CEE1 /* FirebaseFirestore */ = {
			isa = XCSwiftPackageProductDependency;
			package = 3E50F5F02A0599A3009E7C1E /* XCRemoteSwiftPackageReference "firebase-ios-sdk" */;
			productName = FirebaseFirestore;
		};
		3EC5F9E02A1156F100D5CEE1 /* FirebaseFirestoreSwift */ = {
			isa = XCSwiftPackageProductDependency;
			package = 3E50F5F02A0599A3009E7C1E /* XCRemoteSwiftPackageReference "firebase-ios-sdk" */;
			productName = FirebaseFirestoreSwift;
		};
/* End XCSwiftPackageProductDependency section */
	};
	rootObject = 3EEC83C829D7096D003320E5 /* Project object */;
}
