// !$*UTF8*$!
{
	archiveVersion = 1;
	classes = {
	};
	objectVersion = 56;
	objects = {

/* Begin PBXBuildFile section */
		3E1E2C4629D98380004D171E /* Launch Screen.storyboard in Resources */ = {isa = PBXBuildFile; fileRef = 3E1E2C4529D98380004D171E /* Launch Screen.storyboard */; };
		3E467B1129FAF1E600568544 /* ProgressWidget.swift in Sources */ = {isa = PBXBuildFile; fileRef = 3E467B1029FAF1E600568544 /* ProgressWidget.swift */; };
		3E467B1329FB079900568544 /* CreateListingView.swift in Sources */ = {isa = PBXBuildFile; fileRef = 3E467B1229FB079900568544 /* CreateListingView.swift */; };
		3E467B1529FC2BE100568544 /* FormStepper.swift in Sources */ = {isa = PBXBuildFile; fileRef = 3E467B1429FC2BE100568544 /* FormStepper.swift */; };
		3E467B1729FD593D00568544 /* ProfileView.swift in Sources */ = {isa = PBXBuildFile; fileRef = 3E467B1629FD593D00568544 /* ProfileView.swift */; };
		3E50F5EF2A05985B009E7C1E /* GoogleService-Info.plist in Resources */ = {isa = PBXBuildFile; fileRef = 3E50F5EE2A05985B009E7C1E /* GoogleService-Info.plist */; };
		3E50F5F22A0599A3009E7C1E /* FirebaseAnalytics in Frameworks */ = {isa = PBXBuildFile; productRef = 3E50F5F12A0599A3009E7C1E /* FirebaseAnalytics */; };
		3E50F5F42A0599A3009E7C1E /* FirebaseAnalyticsSwift in Frameworks */ = {isa = PBXBuildFile; productRef = 3E50F5F32A0599A3009E7C1E /* FirebaseAnalyticsSwift */; };
		3E50F5F62A0599D2009E7C1E /* AppDelegate.swift in Sources */ = {isa = PBXBuildFile; fileRef = 3E50F5F52A0599D2009E7C1E /* AppDelegate.swift */; };
		3EB03DCC29D85EC00076DBDB /* Extentions.swift in Sources */ = {isa = PBXBuildFile; fileRef = 3EB03DCB29D85EC00076DBDB /* Extentions.swift */; };
		3EB03DCE29D86D040076DBDB /* Enums.swift in Sources */ = {isa = PBXBuildFile; fileRef = 3EB03DCD29D86D040076DBDB /* Enums.swift */; };
		3EB03DD129D89D9B0076DBDB /* SearchResultView.swift in Sources */ = {isa = PBXBuildFile; fileRef = 3EB03DD029D89D9B0076DBDB /* SearchResultView.swift */; };
		3EB03DD629D953450076DBDB /* ProductListingView.swift in Sources */ = {isa = PBXBuildFile; fileRef = 3EB03DD529D953450076DBDB /* ProductListingView.swift */; };
		3EEC83D429D7096E003320E5 /* LoopableApp.swift in Sources */ = {isa = PBXBuildFile; fileRef = 3EEC83D329D7096E003320E5 /* LoopableApp.swift */; };
		3EEC83D629D7096E003320E5 /* RootView.swift in Sources */ = {isa = PBXBuildFile; fileRef = 3EEC83D529D7096E003320E5 /* RootView.swift */; };
		3EEC83D829D7096E003320E5 /* Assets.xcassets in Resources */ = {isa = PBXBuildFile; fileRef = 3EEC83D729D7096E003320E5 /* Assets.xcassets */; };
		3EEC83DB29D7096E003320E5 /* Preview Assets.xcassets in Resources */ = {isa = PBXBuildFile; fileRef = 3EEC83DA29D7096E003320E5 /* Preview Assets.xcassets */; };
		3EEC83E929D70DC6003320E5 /* HomepageView.swift in Sources */ = {isa = PBXBuildFile; fileRef = 3EEC83E829D70DC6003320E5 /* HomepageView.swift */; };
		3EEC83EC29D70E83003320E5 /* Localizable.strings in Resources */ = {isa = PBXBuildFile; fileRef = 3EEC83EE29D70E83003320E5 /* Localizable.strings */; };
/* End PBXBuildFile section */

/* Begin PBXFileReference section */
		3E1E2C4529D98380004D171E /* Launch Screen.storyboard */ = {isa = PBXFileReference; lastKnownFileType = file.storyboard; path = "Launch Screen.storyboard"; sourceTree = "<group>"; };
		3E467B1029FAF1E600568544 /* ProgressWidget.swift */ = {isa = PBXFileReference; lastKnownFileType = sourcecode.swift; path = ProgressWidget.swift; sourceTree = "<group>"; };
		3E467B1229FB079900568544 /* CreateListingView.swift */ = {isa = PBXFileReference; lastKnownFileType = sourcecode.swift; path = CreateListingView.swift; sourceTree = "<group>"; };
		3E467B1429FC2BE100568544 /* FormStepper.swift */ = {isa = PBXFileReference; lastKnownFileType = sourcecode.swift; path = FormStepper.swift; sourceTree = "<group>"; };
		3E467B1629FD593D00568544 /* ProfileView.swift */ = {isa = PBXFileReference; lastKnownFileType = sourcecode.swift; path = ProfileView.swift; sourceTree = "<group>"; };
		3E50F5EE2A05985B009E7C1E /* GoogleService-Info.plist */ = {isa = PBXFileReference; fileEncoding = 4; lastKnownFileType = text.plist.xml; name = "GoogleService-Info.plist"; path = "../../../../Downloads/GoogleService-Info.plist"; sourceTree = "<group>"; };
		3E50F5F52A0599D2009E7C1E /* AppDelegate.swift */ = {isa = PBXFileReference; lastKnownFileType = sourcecode.swift; path = AppDelegate.swift; sourceTree = "<group>"; };
		3EB03DCB29D85EC00076DBDB /* Extentions.swift */ = {isa = PBXFileReference; lastKnownFileType = sourcecode.swift; path = Extentions.swift; sourceTree = "<group>"; };
		3EB03DCD29D86D040076DBDB /* Enums.swift */ = {isa = PBXFileReference; lastKnownFileType = sourcecode.swift; path = Enums.swift; sourceTree = "<group>"; };
		3EB03DD029D89D9B0076DBDB /* SearchResultView.swift */ = {isa = PBXFileReference; lastKnownFileType = sourcecode.swift; path = SearchResultView.swift; sourceTree = "<group>"; };
		3EB03DD529D953450076DBDB /* ProductListingView.swift */ = {isa = PBXFileReference; lastKnownFileType = sourcecode.swift; path = ProductListingView.swift; sourceTree = "<group>"; };
		3EEC83D029D7096E003320E5 /* Loopable.app */ = {isa = PBXFileReference; explicitFileType = wrapper.application; includeInIndex = 0; path = Loopable.app; sourceTree = BUILT_PRODUCTS_DIR; };
		3EEC83D329D7096E003320E5 /* LoopableApp.swift */ = {isa = PBXFileReference; lastKnownFileType = sourcecode.swift; path = LoopableApp.swift; sourceTree = "<group>"; };
		3EEC83D529D7096E003320E5 /* RootView.swift */ = {isa = PBXFileReference; lastKnownFileType = sourcecode.swift; path = RootView.swift; sourceTree = "<group>"; };
		3EEC83D729D7096E003320E5 /* Assets.xcassets */ = {isa = PBXFileReference; lastKnownFileType = folder.assetcatalog; path = Assets.xcassets; sourceTree = "<group>"; };
		3EEC83DA29D7096E003320E5 /* Preview Assets.xcassets */ = {isa = PBXFileReference; lastKnownFileType = folder.assetcatalog; path = "Preview Assets.xcassets"; sourceTree = "<group>"; };
		3EEC83E829D70DC6003320E5 /* HomepageView.swift */ = {isa = PBXFileReference; lastKnownFileType = sourcecode.swift; path = HomepageView.swift; sourceTree = "<group>"; };
		3EEC83ED29D70E83003320E5 /* en */ = {isa = PBXFileReference; lastKnownFileType = text.plist.strings; name = en; path = en.lproj/Localizable.strings; sourceTree = "<group>"; };
		3EEC83EF29D70EAC003320E5 /* it */ = {isa = PBXFileReference; lastKnownFileType = text.plist.strings; name = it; path = it.lproj/Localizable.strings; sourceTree = "<group>"; };
/* End PBXFileReference section */

/* Begin PBXFrameworksBuildPhase section */
		3EEC83CD29D7096E003320E5 /* Frameworks */ = {
			isa = PBXFrameworksBuildPhase;
			buildActionMask = 2147483647;
			files = (
				3E50F5F42A0599A3009E7C1E /* FirebaseAnalyticsSwift in Frameworks */,
				3E50F5F22A0599A3009E7C1E /* FirebaseAnalytics in Frameworks */,
			);
			runOnlyForDeploymentPostprocessing = 0;
		};
/* End PBXFrameworksBuildPhase section */

/* Begin PBXGroup section */
		3E467B0F29FAF18600568544 /* Components */ = {
			isa = PBXGroup;
			children = (
				3E467B1029FAF1E600568544 /* ProgressWidget.swift */,
				3E467B1429FC2BE100568544 /* FormStepper.swift */,
			);
			path = Components;
			sourceTree = "<group>";
		};
		3EB03DCF29D89D630076DBDB /* SearchResult */ = {
			isa = PBXGroup;
			children = (
				3EB03DD029D89D9B0076DBDB /* SearchResultView.swift */,
			);
			path = SearchResult;
			sourceTree = "<group>";
		};
		3EB03DD229D952E00076DBDB /* ProductListing */ = {
			isa = PBXGroup;
			children = (
				3EB03DD529D953450076DBDB /* ProductListingView.swift */,
			);
			path = ProductListing;
			sourceTree = "<group>";
		};
		3EEC83C729D7096D003320E5 = {
			isa = PBXGroup;
			children = (
				3EEC83D229D7096E003320E5 /* Loopable */,
				3EEC83D129D7096E003320E5 /* Products */,
			);
			sourceTree = "<group>";
		};
		3EEC83D129D7096E003320E5 /* Products */ = {
			isa = PBXGroup;
			children = (
				3EEC83D029D7096E003320E5 /* Loopable.app */,
			);
			name = Products;
			sourceTree = "<group>";
		};
		3EEC83D229D7096E003320E5 /* Loopable */ = {
			isa = PBXGroup;
			children = (
				3E50F5EE2A05985B009E7C1E /* GoogleService-Info.plist */,
				3E50F5F52A0599D2009E7C1E /* AppDelegate.swift */,
				3EEC83D329D7096E003320E5 /* LoopableApp.swift */,
				3EEC83E129D70C3A003320E5 /* Core */,
				3EEC83E229D70CB8003320E5 /* Utilities */,
				3EEC83D729D7096E003320E5 /* Assets.xcassets */,
				3EEC83D929D7096E003320E5 /* Preview Content */,
			);
			path = Loopable;
			sourceTree = "<group>";
		};
		3EEC83D929D7096E003320E5 /* Preview Content */ = {
			isa = PBXGroup;
			children = (
				3EEC83DA29D7096E003320E5 /* Preview Assets.xcassets */,
			);
			path = "Preview Content";
			sourceTree = "<group>";
		};
		3EEC83E129D70C3A003320E5 /* Core */ = {
			isa = PBXGroup;
			children = (
				3EEC83D529D7096E003320E5 /* RootView.swift */,
				3EB03DD229D952E00076DBDB /* ProductListing */,
				3EB03DCF29D89D630076DBDB /* SearchResult */,
				3EEC83E329D70D0C003320E5 /* Homepage */,
				3EEC83E729D70D98003320E5 /* CreateListing */,
				3EEC83E629D70D76003320E5 /* Profile */,
				3EEC83E529D70D3D003320E5 /* Chat */,
			);
			path = Core;
			sourceTree = "<group>";
		};
		3EEC83E229D70CB8003320E5 /* Utilities */ = {
			isa = PBXGroup;
			children = (
				3E467B0F29FAF18600568544 /* Components */,
				3EEC83EE29D70E83003320E5 /* Localizable.strings */,
				3EB03DCB29D85EC00076DBDB /* Extentions.swift */,
				3EB03DCD29D86D040076DBDB /* Enums.swift */,
				3E1E2C4529D98380004D171E /* Launch Screen.storyboard */,
			);
			path = Utilities;
			sourceTree = "<group>";
		};
		3EEC83E329D70D0C003320E5 /* Homepage */ = {
			isa = PBXGroup;
			children = (
				3EEC83E829D70DC6003320E5 /* HomepageView.swift */,
			);
			path = Homepage;
			sourceTree = "<group>";
		};
		3EEC83E529D70D3D003320E5 /* Chat */ = {
			isa = PBXGroup;
			children = (
			);
			path = Chat;
			sourceTree = "<group>";
		};
		3EEC83E629D70D76003320E5 /* Profile */ = {
			isa = PBXGroup;
			children = (
				3E467B1629FD593D00568544 /* ProfileView.swift */,
			);
			path = Profile;
			sourceTree = "<group>";
		};
		3EEC83E729D70D98003320E5 /* CreateListing */ = {
			isa = PBXGroup;
			children = (
				3E467B1229FB079900568544 /* CreateListingView.swift */,
			);
			path = CreateListing;
			sourceTree = "<group>";
		};
/* End PBXGroup section */

/* Begin PBXNativeTarget section */
		3EEC83CF29D7096E003320E5 /* Loopable */ = {
			isa = PBXNativeTarget;
			buildConfigurationList = 3EEC83DE29D7096E003320E5 /* Build configuration list for PBXNativeTarget "Loopable" */;
			buildPhases = (
				3EEC83CC29D7096E003320E5 /* Sources */,
				3EEC83CD29D7096E003320E5 /* Frameworks */,
				3EEC83CE29D7096E003320E5 /* Resources */,
			);
			buildRules = (
			);
			dependencies = (
			);
			name = Loopable;
			packageProductDependencies = (
				3E50F5F12A0599A3009E7C1E /* FirebaseAnalytics */,
				3E50F5F32A0599A3009E7C1E /* FirebaseAnalyticsSwift */,
			);
			productName = Loopable;
			productReference = 3EEC83D029D7096E003320E5 /* Loopable.app */;
			productType = "com.apple.product-type.application";
		};
/* End PBXNativeTarget section */

/* Begin PBXProject section */
		3EEC83C829D7096D003320E5 /* Project object */ = {
			isa = PBXProject;
			attributes = {
				BuildIndependentTargetsInParallel = 1;
				LastSwiftUpdateCheck = 1420;
				LastUpgradeCheck = 1420;
				TargetAttributes = {
					3EEC83CF29D7096E003320E5 = {
						CreatedOnToolsVersion = 14.2;
					};
				};
			};
			buildConfigurationList = 3EEC83CB29D7096D003320E5 /* Build configuration list for PBXProject "Loopable" */;
			compatibilityVersion = "Xcode 14.0";
			developmentRegion = en;
			hasScannedForEncodings = 0;
			knownRegions = (
				en,
				Base,
				it,
			);
			mainGroup = 3EEC83C729D7096D003320E5;
			packageReferences = (
				3E50F5F02A0599A3009E7C1E /* XCRemoteSwiftPackageReference "firebase-ios-sdk" */,
			);
			productRefGroup = 3EEC83D129D7096E003320E5 /* Products */;
			projectDirPath = "";
			projectRoot = "";
			targets = (
				3EEC83CF29D7096E003320E5 /* Loopable */,
			);
		};
/* End PBXProject section */

/* Begin PBXResourcesBuildPhase section */
		3EEC83CE29D7096E003320E5 /* Resources */ = {
			isa = PBXResourcesBuildPhase;
			buildActionMask = 2147483647;
			files = (
				3EEC83DB29D7096E003320E5 /* Preview Assets.xcassets in Resources */,
				3EEC83EC29D70E83003320E5 /* Localizable.strings in Resources */,
				3E50F5EF2A05985B009E7C1E /* GoogleService-Info.plist in Resources */,
				3E1E2C4629D98380004D171E /* Launch Screen.storyboard in Resources */,
				3EEC83D829D7096E003320E5 /* Assets.xcassets in Resources */,
			);
			runOnlyForDeploymentPostprocessing = 0;
		};
/* End PBXResourcesBuildPhase section */

/* Begin PBXSourcesBuildPhase section */
		3EEC83CC29D7096E003320E5 /* Sources */ = {
			isa = PBXSourcesBuildPhase;
			buildActionMask = 2147483647;
			files = (
				3E50F5F62A0599D2009E7C1E /* AppDelegate.swift in Sources */,
				3E467B1129FAF1E600568544 /* ProgressWidget.swift in Sources */,
				3E467B1529FC2BE100568544 /* FormStepper.swift in Sources */,
				3EB03DCC29D85EC00076DBDB /* Extentions.swift in Sources */,
				3E467B1329FB079900568544 /* CreateListingView.swift in Sources */,
				3EB03DD129D89D9B0076DBDB /* SearchResultView.swift in Sources */,
				3EEC83E929D70DC6003320E5 /* HomepageView.swift in Sources */,
				3EB03DCE29D86D040076DBDB /* Enums.swift in Sources */,
				3EB03DD629D953450076DBDB /* ProductListingView.swift in Sources */,
				3EEC83D629D7096E003320E5 /* RootView.swift in Sources */,
				3E467B1729FD593D00568544 /* ProfileView.swift in Sources */,
				3EEC83D429D7096E003320E5 /* LoopableApp.swift in Sources */,
			);
			runOnlyForDeploymentPostprocessing = 0;
		};
/* End PBXSourcesBuildPhase section */

/* Begin PBXVariantGroup section */
		3EEC83EE29D70E83003320E5 /* Localizable.strings */ = {
			isa = PBXVariantGroup;
			children = (
				3EEC83ED29D70E83003320E5 /* en */,
				3EEC83EF29D70EAC003320E5 /* it */,
			);
			name = Localizable.strings;
			sourceTree = "<group>";
		};
/* End PBXVariantGroup section */

/* Begin XCBuildConfiguration section */
		3EEC83DC29D7096E003320E5 /* Debug */ = {
			isa = XCBuildConfiguration;
			buildSettings = {
				ALWAYS_SEARCH_USER_PATHS = NO;
				CLANG_ANALYZER_LOCALIZABILITY_NONLOCALIZED = YES;
				CLANG_ANALYZER_NONNULL = YES;
				CLANG_ANALYZER_NUMBER_OBJECT_CONVERSION = YES_AGGRESSIVE;
				CLANG_CXX_LANGUAGE_STANDARD = "gnu++20";
				CLANG_ENABLE_MODULES = YES;
				CLANG_ENABLE_OBJC_ARC = YES;
				CLANG_ENABLE_OBJC_WEAK = YES;
				CLANG_WARN_BLOCK_CAPTURE_AUTORELEASING = YES;
				CLANG_WARN_BOOL_CONVERSION = YES;
				CLANG_WARN_COMMA = YES;
				CLANG_WARN_CONSTANT_CONVERSION = YES;
				CLANG_WARN_DEPRECATED_OBJC_IMPLEMENTATIONS = YES;
				CLANG_WARN_DIRECT_OBJC_ISA_USAGE = YES_ERROR;
				CLANG_WARN_DOCUMENTATION_COMMENTS = YES;
				CLANG_WARN_EMPTY_BODY = YES;
				CLANG_WARN_ENUM_CONVERSION = YES;
				CLANG_WARN_INFINITE_RECURSION = YES;
				CLANG_WARN_INT_CONVERSION = YES;
				CLANG_WARN_NON_LITERAL_NULL_CONVERSION = YES;
				CLANG_WARN_OBJC_IMPLICIT_RETAIN_SELF = YES;
				CLANG_WARN_OBJC_LITERAL_CONVERSION = YES;
				CLANG_WARN_OBJC_ROOT_CLASS = YES_ERROR;
				CLANG_WARN_QUOTED_INCLUDE_IN_FRAMEWORK_HEADER = YES;
				CLANG_WARN_RANGE_LOOP_ANALYSIS = YES;
				CLANG_WARN_STRICT_PROTOTYPES = YES;
				CLANG_WARN_SUSPICIOUS_MOVE = YES;
				CLANG_WARN_UNGUARDED_AVAILABILITY = YES_AGGRESSIVE;
				CLANG_WARN_UNREACHABLE_CODE = YES;
				CLANG_WARN__DUPLICATE_METHOD_MATCH = YES;
				COPY_PHASE_STRIP = NO;
				DEBUG_INFORMATION_FORMAT = dwarf;
				ENABLE_STRICT_OBJC_MSGSEND = YES;
				ENABLE_TESTABILITY = YES;
				GCC_C_LANGUAGE_STANDARD = gnu11;
				GCC_DYNAMIC_NO_PIC = NO;
				GCC_NO_COMMON_BLOCKS = YES;
				GCC_OPTIMIZATION_LEVEL = 0;
				GCC_PREPROCESSOR_DEFINITIONS = (
					"DEBUG=1",
					"$(inherited)",
				);
				GCC_WARN_64_TO_32_BIT_CONVERSION = YES;
				GCC_WARN_ABOUT_RETURN_TYPE = YES_ERROR;
				GCC_WARN_UNDECLARED_SELECTOR = YES;
				GCC_WARN_UNINITIALIZED_AUTOS = YES_AGGRESSIVE;
				GCC_WARN_UNUSED_FUNCTION = YES;
				GCC_WARN_UNUSED_VARIABLE = YES;
				IPHONEOS_DEPLOYMENT_TARGET = 16.0;
				MTL_ENABLE_DEBUG_INFO = INCLUDE_SOURCE;
				MTL_FAST_MATH = YES;
				ONLY_ACTIVE_ARCH = YES;
				SDKROOT = iphoneos;
				SWIFT_ACTIVE_COMPILATION_CONDITIONS = DEBUG;
				SWIFT_OPTIMIZATION_LEVEL = "-Onone";
			};
			name = Debug;
		};
		3EEC83DD29D7096E003320E5 /* Release */ = {
			isa = XCBuildConfiguration;
			buildSettings = {
				ALWAYS_SEARCH_USER_PATHS = NO;
				CLANG_ANALYZER_LOCALIZABILITY_NONLOCALIZED = YES;
				CLANG_ANALYZER_NONNULL = YES;
				CLANG_ANALYZER_NUMBER_OBJECT_CONVERSION = YES_AGGRESSIVE;
				CLANG_CXX_LANGUAGE_STANDARD = "gnu++20";
				CLANG_ENABLE_MODULES = YES;
				CLANG_ENABLE_OBJC_ARC = YES;
				CLANG_ENABLE_OBJC_WEAK = YES;
				CLANG_WARN_BLOCK_CAPTURE_AUTORELEASING = YES;
				CLANG_WARN_BOOL_CONVERSION = YES;
				CLANG_WARN_COMMA = YES;
				CLANG_WARN_CONSTANT_CONVERSION = YES;
				CLANG_WARN_DEPRECATED_OBJC_IMPLEMENTATIONS = YES;
				CLANG_WARN_DIRECT_OBJC_ISA_USAGE = YES_ERROR;
				CLANG_WARN_DOCUMENTATION_COMMENTS = YES;
				CLANG_WARN_EMPTY_BODY = YES;
				CLANG_WARN_ENUM_CONVERSION = YES;
				CLANG_WARN_INFINITE_RECURSION = YES;
				CLANG_WARN_INT_CONVERSION = YES;
				CLANG_WARN_NON_LITERAL_NULL_CONVERSION = YES;
				CLANG_WARN_OBJC_IMPLICIT_RETAIN_SELF = YES;
				CLANG_WARN_OBJC_LITERAL_CONVERSION = YES;
				CLANG_WARN_OBJC_ROOT_CLASS = YES_ERROR;
				CLANG_WARN_QUOTED_INCLUDE_IN_FRAMEWORK_HEADER = YES;
				CLANG_WARN_RANGE_LOOP_ANALYSIS = YES;
				CLANG_WARN_STRICT_PROTOTYPES = YES;
				CLANG_WARN_SUSPICIOUS_MOVE = YES;
				CLANG_WARN_UNGUARDED_AVAILABILITY = YES_AGGRESSIVE;
				CLANG_WARN_UNREACHABLE_CODE = YES;
				CLANG_WARN__DUPLICATE_METHOD_MATCH = YES;
				COPY_PHASE_STRIP = NO;
				DEBUG_INFORMATION_FORMAT = "dwarf-with-dsym";
				ENABLE_NS_ASSERTIONS = NO;
				ENABLE_STRICT_OBJC_MSGSEND = YES;
				GCC_C_LANGUAGE_STANDARD = gnu11;
				GCC_NO_COMMON_BLOCKS = YES;
				GCC_WARN_64_TO_32_BIT_CONVERSION = YES;
				GCC_WARN_ABOUT_RETURN_TYPE = YES_ERROR;
				GCC_WARN_UNDECLARED_SELECTOR = YES;
				GCC_WARN_UNINITIALIZED_AUTOS = YES_AGGRESSIVE;
				GCC_WARN_UNUSED_FUNCTION = YES;
				GCC_WARN_UNUSED_VARIABLE = YES;
				IPHONEOS_DEPLOYMENT_TARGET = 16.0;
				MTL_ENABLE_DEBUG_INFO = NO;
				MTL_FAST_MATH = YES;
				SDKROOT = iphoneos;
				SWIFT_COMPILATION_MODE = wholemodule;
				SWIFT_OPTIMIZATION_LEVEL = "-O";
				VALIDATE_PRODUCT = YES;
			};
			name = Release;
		};
		3EEC83DF29D7096E003320E5 /* Debug */ = {
			isa = XCBuildConfiguration;
			buildSettings = {
				ASSETCATALOG_COMPILER_APPICON_NAME = AppIcon;
				ASSETCATALOG_COMPILER_GLOBAL_ACCENT_COLOR_NAME = AccentColor;
				ASSETCATALOG_COMPILER_INCLUDE_ALL_APPICON_ASSETS = NO;
				CODE_SIGN_STYLE = Automatic;
				CURRENT_PROJECT_VERSION = 1;
				DEVELOPMENT_ASSET_PATHS = "";
				DEVELOPMENT_TEAM = L4Q33JXGU4;
				ENABLE_PREVIEWS = YES;
				GENERATE_INFOPLIST_FILE = YES;
				INFOPLIST_KEY_CFBundleDisplayName = Loopable;
				INFOPLIST_KEY_UIApplicationSceneManifest_Generation = YES;
				INFOPLIST_KEY_UIApplicationSupportsIndirectInputEvents = YES;
				INFOPLIST_KEY_UILaunchScreen_Generation = YES;
				INFOPLIST_KEY_UILaunchStoryboardName = "Launch Screen.storyboard";
				INFOPLIST_KEY_UISupportedInterfaceOrientations = UIInterfaceOrientationPortrait;
				INFOPLIST_KEY_UISupportedInterfaceOrientations_iPad = "UIInterfaceOrientationLandscapeLeft UIInterfaceOrientationLandscapeRight UIInterfaceOrientationPortrait UIInterfaceOrientationPortraitUpsideDown";
				IPHONEOS_DEPLOYMENT_TARGET = 16.0;
				LD_RUNPATH_SEARCH_PATHS = (
					"$(inherited)",
					"@executable_path/Frameworks",
				);
				MARKETING_VERSION = 1.0;
				PRODUCT_BUNDLE_IDENTIFIER = com.mattiacintura.Loopable;
				PRODUCT_NAME = "$(TARGET_NAME)";
				SUPPORTED_PLATFORMS = "iphoneos iphonesimulator";
				SUPPORTS_MACCATALYST = NO;
				SUPPORTS_MAC_DESIGNED_FOR_IPHONE_IPAD = NO;
				SWIFT_EMIT_LOC_STRINGS = YES;
				SWIFT_VERSION = 5.0;
				TARGETED_DEVICE_FAMILY = 1;
			};
			name = Debug;
		};
		3EEC83E029D7096E003320E5 /* Release */ = {
			isa = XCBuildConfiguration;
			buildSettings = {
				ASSETCATALOG_COMPILER_APPICON_NAME = AppIcon;
				ASSETCATALOG_COMPILER_GLOBAL_ACCENT_COLOR_NAME = AccentColor;
				ASSETCATALOG_COMPILER_INCLUDE_ALL_APPICON_ASSETS = NO;
				CODE_SIGN_STYLE = Automatic;
				CURRENT_PROJECT_VERSION = 1;
				DEVELOPMENT_ASSET_PATHS = "";
				DEVELOPMENT_TEAM = L4Q33JXGU4;
				ENABLE_PREVIEWS = YES;
				GENERATE_INFOPLIST_FILE = YES;
				INFOPLIST_KEY_CFBundleDisplayName = Loopable;
				INFOPLIST_KEY_UIApplicationSceneManifest_Generation = YES;
				INFOPLIST_KEY_UIApplicationSupportsIndirectInputEvents = YES;
				INFOPLIST_KEY_UILaunchScreen_Generation = YES;
				INFOPLIST_KEY_UILaunchStoryboardName = "Launch Screen.storyboard";
				INFOPLIST_KEY_UISupportedInterfaceOrientations = UIInterfaceOrientationPortrait;
				INFOPLIST_KEY_UISupportedInterfaceOrientations_iPad = "UIInterfaceOrientationLandscapeLeft UIInterfaceOrientationLandscapeRight UIInterfaceOrientationPortrait UIInterfaceOrientationPortraitUpsideDown";
				IPHONEOS_DEPLOYMENT_TARGET = 16.0;
				LD_RUNPATH_SEARCH_PATHS = (
					"$(inherited)",
					"@executable_path/Frameworks",
				);
				MARKETING_VERSION = 1.0;
				PRODUCT_BUNDLE_IDENTIFIER = com.mattiacintura.Loopable;
				PRODUCT_NAME = "$(TARGET_NAME)";
				SUPPORTED_PLATFORMS = "iphoneos iphonesimulator";
				SUPPORTS_MACCATALYST = NO;
				SUPPORTS_MAC_DESIGNED_FOR_IPHONE_IPAD = NO;
				SWIFT_EMIT_LOC_STRINGS = YES;
				SWIFT_VERSION = 5.0;
				TARGETED_DEVICE_FAMILY = 1;
			};
			name = Release;
		};
/* End XCBuildConfiguration section */

/* Begin XCConfigurationList section */
		3EEC83CB29D7096D003320E5 /* Build configuration list for PBXProject "Loopable" */ = {
			isa = XCConfigurationList;
			buildConfigurations = (
				3EEC83DC29D7096E003320E5 /* Debug */,
				3EEC83DD29D7096E003320E5 /* Release */,
			);
			defaultConfigurationIsVisible = 0;
			defaultConfigurationName = Release;
		};
		3EEC83DE29D7096E003320E5 /* Build configuration list for PBXNativeTarget "Loopable" */ = {
			isa = XCConfigurationList;
			buildConfigurations = (
				3EEC83DF29D7096E003320E5 /* Debug */,
				3EEC83E029D7096E003320E5 /* Release */,
			);
			defaultConfigurationIsVisible = 0;
			defaultConfigurationName = Release;
		};
/* End XCConfigurationList section */

/* Begin XCRemoteSwiftPackageReference section */
		3E50F5F02A0599A3009E7C1E /* XCRemoteSwiftPackageReference "firebase-ios-sdk" */ = {
			isa = XCRemoteSwiftPackageReference;
			repositoryURL = "https://github.com/firebase/firebase-ios-sdk";
			requirement = {
				kind = upToNextMajorVersion;
				minimumVersion = 10.9.0;
			};
		};
/* End XCRemoteSwiftPackageReference section */

/* Begin XCSwiftPackageProductDependency section */
		3E50F5F12A0599A3009E7C1E /* FirebaseAnalytics */ = {
			isa = XCSwiftPackageProductDependency;
			package = 3E50F5F02A0599A3009E7C1E /* XCRemoteSwiftPackageReference "firebase-ios-sdk" */;
			productName = FirebaseAnalytics;
		};
		3E50F5F32A0599A3009E7C1E /* FirebaseAnalyticsSwift */ = {
			isa = XCSwiftPackageProductDependency;
			package = 3E50F5F02A0599A3009E7C1E /* XCRemoteSwiftPackageReference "firebase-ios-sdk" */;
			productName = FirebaseAnalyticsSwift;
		};
/* End XCSwiftPackageProductDependency section */
	};
	rootObject = 3EEC83C829D7096D003320E5 /* Project object */;
}
